<?xml version="1.0" encoding="utf-8"?>
<Project ToolsVersion="4.0" xmlns="http://schemas.microsoft.com/developer/msbuild/2003">
  <ItemGroup>
    <Filter Include="Source Files">
      <UniqueIdentifier>{4FC737F1-C7A5-4376-A066-2A32D752A2FF}</UniqueIdentifier>
      <Extensions>cpp;c;cc;cxx;c++;cppm;ixx;def;odl;idl;hpj;bat;asm;asmx</Extensions>
    </Filter>
    <Filter Include="Header Files">
      <UniqueIdentifier>{93995380-89BD-4b04-88EB-625FBE52EBFB}</UniqueIdentifier>
      <Extensions>h;hh;hpp;hxx;h++;hm;inl;inc;ipp;xsd</Extensions>
    </Filter>
    <Filter Include="Resource Files">
      <UniqueIdentifier>{67DA6AB6-F800-4c08-8B7A-83BB121AAD01}</UniqueIdentifier>
      <Extensions>rc;ico;cur;bmp;dlg;rc2;rct;bin;rgs;gif;jpg;jpeg;jpe;resx;tiff;tif;png;wav;mfcribbon-ms</Extensions>
    </Filter>
    <Filter Include="Source Files\Shaders">
      <UniqueIdentifier>{2569d49f-0e8c-4504-97ba-9edda4a336dd}</UniqueIdentifier>
    </Filter>
    <Filter Include="Source Files\Shaders\Object">
      <UniqueIdentifier>{c8b425d1-2441-40b7-98f1-b5ef98ee239e}</UniqueIdentifier>
    </Filter>
    <Filter Include="Source Files\Shaders\Light Source">
      <UniqueIdentifier>{3b2c9523-a973-447b-b1f9-cdfa38ef69ea}</UniqueIdentifier>
    </Filter>
    <Filter Include="Source Files\External">
      <UniqueIdentifier>{8e4604f0-ef1e-4ea7-b7f5-d4ead7ebb2f0}</UniqueIdentifier>
    </Filter>
    <Filter Include="Source Files\Shaders\Stencil">
      <UniqueIdentifier>{791b8585-f5ea-4d50-8230-ae65378ffaf1}</UniqueIdentifier>
    </Filter>
  </ItemGroup>
  <ItemGroup>
    <ClCompile Include="Header Files\camera.cpp">
      <Filter>Header Files</Filter>
    </ClCompile>
    <ClCompile Include="Header Files\mesh.cpp">
      <Filter>Header Files</Filter>
    </ClCompile>
    <ClCompile Include="Header Files\model.cpp">
      <Filter>Header Files</Filter>
    </ClCompile>
    <ClCompile Include="Header Files\shader.cpp">
      <Filter>Header Files</Filter>
    </ClCompile>
    <ClCompile Include="Header Files\stb_image.cpp">
      <Filter>Header Files</Filter>
    </ClCompile>
    <ClCompile Include="Source Files\program.cpp">
      <Filter>Source Files</Filter>
    </ClCompile>
    <ClCompile Include="Source Files\External\glad.c">
      <Filter>Source Files\External</Filter>
    </ClCompile>
  </ItemGroup>
  <ItemGroup>
    <ClInclude Include="Header Files\camera.h">
      <Filter>Header Files</Filter>
    </ClInclude>
    <ClInclude Include="Header Files\mesh.h">
      <Filter>Header Files</Filter>
    </ClInclude>
    <ClInclude Include="Header Files\model.h">
      <Filter>Header Files</Filter>
    </ClInclude>
    <ClInclude Include="Header Files\shader.h">
      <Filter>Header Files</Filter>
    </ClInclude>
    <ClInclude Include="Header Files\stb_image.h">
      <Filter>Header Files</Filter>
    </ClInclude>
  </ItemGroup>
  <ItemGroup>
    <None Include="Source Files\Shaders\Light Source\frag.glsl">
      <Filter>Source Files\Shaders\Light Source</Filter>
    </None>
    <None Include="Source Files\Shaders\Light Source\vert.glsl">
      <Filter>Source Files\Shaders\Light Source</Filter>
    </None>
    <None Include="Source Files\Shaders\Object\frag.glsl">
      <Filter>Source Files\Shaders\Object</Filter>
    </None>
    <None Include="Source Files\Shaders\Object\vert.glsl">
      <Filter>Source Files\Shaders\Object</Filter>
    </None>
    <None Include="Source Files\Shaders\Stencil\frag.glsl">
      <Filter>Source Files\Shaders\Stencil</Filter>
    </None>
  </ItemGroup>
  <ItemGroup>
    <Image Include="Resource Files\marble.jpg">
      <Filter>Resource Files</Filter>
    </Image>
    <Image Include="Resource Files\metal.png">
      <Filter>Resource Files</Filter>
    </Image>
  </ItemGroup>
</Project>